// !$*UTF8*$!
{
	archiveVersion = 1;
	classes = {
	};
	objectVersion = 48;
	objects = {

/* Begin PBXBuildFile section */
		0F3D740D2005E0AA00B578E3 /* AppDelegate.swift in Sources */ = {isa = PBXBuildFile; fileRef = 0F3D740C2005E0AA00B578E3 /* AppDelegate.swift */; };
		0F3D74112005E0AA00B578E3 /* Assets.xcassets in Resources */ = {isa = PBXBuildFile; fileRef = 0F3D74102005E0AA00B578E3 /* Assets.xcassets */; };
		0F3D74142005E0AA00B578E3 /* Main.storyboard in Resources */ = {isa = PBXBuildFile; fileRef = 0F3D74122005E0AA00B578E3 /* Main.storyboard */; };
		0F3D74202005F76C00B578E3 /* StarredModel.swift in Sources */ = {isa = PBXBuildFile; fileRef = 0F3D741F2005F76C00B578E3 /* StarredModel.swift */; };
		0F3D74222005F7A000B578E3 /* BaseService.swift in Sources */ = {isa = PBXBuildFile; fileRef = 0F3D74212005F7A000B578E3 /* BaseService.swift */; };
		0F3D74242005FA9C00B578E3 /* BaseDAO.swift in Sources */ = {isa = PBXBuildFile; fileRef = 0F3D74232005FA9C00B578E3 /* BaseDAO.swift */; };
		0F3D74262006042600B578E3 /* UserDAO.swift in Sources */ = {isa = PBXBuildFile; fileRef = 0F3D74252006042600B578E3 /* UserDAO.swift */; };
		0F3D74282006149500B578E3 /* UserService.swift in Sources */ = {isa = PBXBuildFile; fileRef = 0F3D74272006149500B578E3 /* UserService.swift */; };
		0F648253200F1CD300C2A4EF /* BaseSplitViewController.swift in Sources */ = {isa = PBXBuildFile; fileRef = 0F648252200F1CD300C2A4EF /* BaseSplitViewController.swift */; };
		0F648255200F1E3600C2A4EF /* PreferenceViewController.swift in Sources */ = {isa = PBXBuildFile; fileRef = 0F648254200F1E3600C2A4EF /* PreferenceViewController.swift */; };
		0F648257200F24F700C2A4EF /* PreferenceWindowController.swift in Sources */ = {isa = PBXBuildFile; fileRef = 0F648256200F24F700C2A4EF /* PreferenceWindowController.swift */; };
		0FA9A1982015804C00769483 /* LeftPanelViewController.swift in Sources */ = {isa = PBXBuildFile; fileRef = 0FA9A1972015804C00769483 /* LeftPanelViewController.swift */; };
		0FA9A19A2015CE1F00769483 /* GSOutlineCellView.swift in Sources */ = {isa = PBXBuildFile; fileRef = 0FA9A1992015CE1F00769483 /* GSOutlineCellView.swift */; };
		0FB784E6200E023000030B7A /* BaseWindowController.swift in Sources */ = {isa = PBXBuildFile; fileRef = 0FB784E5200E023000030B7A /* BaseWindowController.swift */; };
		0FBA4FF4201187470076B5DA /* UserModel.swift in Sources */ = {isa = PBXBuildFile; fileRef = 0FBA4FF3201187470076B5DA /* UserModel.swift */; };
		0FBA4FF6201191FA0076B5DA /* GSButton.swift in Sources */ = {isa = PBXBuildFile; fileRef = 0FBA4FF5201191FA0076B5DA /* GSButton.swift */; };
		0FBA4FF8201192540076B5DA /* GSTextField.swift in Sources */ = {isa = PBXBuildFile; fileRef = 0FBA4FF7201192540076B5DA /* GSTextField.swift */; };
		0FBA4FFA2011F44B0076B5DA /* GitHubService.swift in Sources */ = {isa = PBXBuildFile; fileRef = 0FBA4FF92011F44B0076B5DA /* GitHubService.swift */; };
		0FE865FE20106F9A002CF369 /* Constants.swift in Sources */ = {isa = PBXBuildFile; fileRef = 0FE865FD20106F9A002CF369 /* Constants.swift */; };
		0FE866012010A23C002CF369 /* GSLabel.swift in Sources */ = {isa = PBXBuildFile; fileRef = 0FE866002010A23C002CF369 /* GSLabel.swift */; };
		741172F806D5CC60A3AE6D93 /* Pods_GitStarred.framework in Frameworks */ = {isa = PBXBuildFile; fileRef = 4A5C7BEDA6A53B58890DD9EF /* Pods_GitStarred.framework */; };
/* End PBXBuildFile section */

/* Begin PBXFileReference section */
		0F3D74092005E0AA00B578E3 /* GitStarred.app */ = {isa = PBXFileReference; explicitFileType = wrapper.application; includeInIndex = 0; path = GitStarred.app; sourceTree = BUILT_PRODUCTS_DIR; };
		0F3D740C2005E0AA00B578E3 /* AppDelegate.swift */ = {isa = PBXFileReference; lastKnownFileType = sourcecode.swift; path = AppDelegate.swift; sourceTree = "<group>"; };
		0F3D74102005E0AA00B578E3 /* Assets.xcassets */ = {isa = PBXFileReference; lastKnownFileType = folder.assetcatalog; path = Assets.xcassets; sourceTree = "<group>"; };
		0F3D74132005E0AA00B578E3 /* Base */ = {isa = PBXFileReference; lastKnownFileType = file.storyboard; name = Base; path = Base.lproj/Main.storyboard; sourceTree = "<group>"; };
		0F3D74152005E0AA00B578E3 /* Info.plist */ = {isa = PBXFileReference; lastKnownFileType = text.plist.xml; path = Info.plist; sourceTree = "<group>"; };
		0F3D74162005E0AA00B578E3 /* GitStarred.entitlements */ = {isa = PBXFileReference; lastKnownFileType = text.plist.entitlements; path = GitStarred.entitlements; sourceTree = "<group>"; };
		0F3D741F2005F76C00B578E3 /* StarredModel.swift */ = {isa = PBXFileReference; lastKnownFileType = sourcecode.swift; path = StarredModel.swift; sourceTree = "<group>"; };
		0F3D74212005F7A000B578E3 /* BaseService.swift */ = {isa = PBXFileReference; lastKnownFileType = sourcecode.swift; path = BaseService.swift; sourceTree = "<group>"; };
		0F3D74232005FA9C00B578E3 /* BaseDAO.swift */ = {isa = PBXFileReference; lastKnownFileType = sourcecode.swift; path = BaseDAO.swift; sourceTree = "<group>"; };
		0F3D74252006042600B578E3 /* UserDAO.swift */ = {isa = PBXFileReference; lastKnownFileType = sourcecode.swift; path = UserDAO.swift; sourceTree = "<group>"; };
		0F3D74272006149500B578E3 /* UserService.swift */ = {isa = PBXFileReference; lastKnownFileType = sourcecode.swift; path = UserService.swift; sourceTree = "<group>"; };
		0F648252200F1CD300C2A4EF /* BaseSplitViewController.swift */ = {isa = PBXFileReference; lastKnownFileType = sourcecode.swift; path = BaseSplitViewController.swift; sourceTree = "<group>"; };
		0F648254200F1E3600C2A4EF /* PreferenceViewController.swift */ = {isa = PBXFileReference; lastKnownFileType = sourcecode.swift; path = PreferenceViewController.swift; sourceTree = "<group>"; };
		0F648256200F24F700C2A4EF /* PreferenceWindowController.swift */ = {isa = PBXFileReference; lastKnownFileType = sourcecode.swift; path = PreferenceWindowController.swift; sourceTree = "<group>"; };
		0FA9A1972015804C00769483 /* LeftPanelViewController.swift */ = {isa = PBXFileReference; lastKnownFileType = sourcecode.swift; path = LeftPanelViewController.swift; sourceTree = "<group>"; };
		0FA9A1992015CE1F00769483 /* GSOutlineCellView.swift */ = {isa = PBXFileReference; lastKnownFileType = sourcecode.swift; path = GSOutlineCellView.swift; sourceTree = "<group>"; };
		0FB784E5200E023000030B7A /* BaseWindowController.swift */ = {isa = PBXFileReference; lastKnownFileType = sourcecode.swift; path = BaseWindowController.swift; sourceTree = "<group>"; };
		0FBA4FF3201187470076B5DA /* UserModel.swift */ = {isa = PBXFileReference; lastKnownFileType = sourcecode.swift; path = UserModel.swift; sourceTree = "<group>"; };
		0FBA4FF5201191FA0076B5DA /* GSButton.swift */ = {isa = PBXFileReference; lastKnownFileType = sourcecode.swift; path = GSButton.swift; sourceTree = "<group>"; };
		0FBA4FF7201192540076B5DA /* GSTextField.swift */ = {isa = PBXFileReference; lastKnownFileType = sourcecode.swift; path = GSTextField.swift; sourceTree = "<group>"; };
		0FBA4FF92011F44B0076B5DA /* GitHubService.swift */ = {isa = PBXFileReference; lastKnownFileType = sourcecode.swift; path = GitHubService.swift; sourceTree = "<group>"; };
		0FE865FD20106F9A002CF369 /* Constants.swift */ = {isa = PBXFileReference; lastKnownFileType = sourcecode.swift; path = Constants.swift; sourceTree = "<group>"; };
		0FE866002010A23C002CF369 /* GSLabel.swift */ = {isa = PBXFileReference; lastKnownFileType = sourcecode.swift; path = GSLabel.swift; sourceTree = "<group>"; };
		163EC300458E3642F5FFF6F5 /* Pods-GitStarred.release.xcconfig */ = {isa = PBXFileReference; includeInIndex = 1; lastKnownFileType = text.xcconfig; name = "Pods-GitStarred.release.xcconfig"; path = "Pods/Target Support Files/Pods-GitStarred/Pods-GitStarred.release.xcconfig"; sourceTree = "<group>"; };
		4A5C7BEDA6A53B58890DD9EF /* Pods_GitStarred.framework */ = {isa = PBXFileReference; explicitFileType = wrapper.framework; includeInIndex = 0; path = Pods_GitStarred.framework; sourceTree = BUILT_PRODUCTS_DIR; };
		61E8E6277D27A16A993C9713 /* Pods-GitStarred.debug.xcconfig */ = {isa = PBXFileReference; includeInIndex = 1; lastKnownFileType = text.xcconfig; name = "Pods-GitStarred.debug.xcconfig"; path = "Pods/Target Support Files/Pods-GitStarred/Pods-GitStarred.debug.xcconfig"; sourceTree = "<group>"; };
/* End PBXFileReference section */

/* Begin PBXFrameworksBuildPhase section */
		0F3D74062005E0AA00B578E3 /* Frameworks */ = {
			isa = PBXFrameworksBuildPhase;
			buildActionMask = 2147483647;
			files = (
				741172F806D5CC60A3AE6D93 /* Pods_GitStarred.framework in Frameworks */,
			);
			runOnlyForDeploymentPostprocessing = 0;
		};
/* End PBXFrameworksBuildPhase section */

/* Begin PBXGroup section */
		0F0B5B462008AE1E00ED7A76 /* Window */ = {
			isa = PBXGroup;
			children = (
				0FB784E5200E023000030B7A /* BaseWindowController.swift */,
				0F648256200F24F700C2A4EF /* PreferenceWindowController.swift */,
			);
			path = Window;
			sourceTree = "<group>";
		};
		0F3D74002005E0AA00B578E3 = {
			isa = PBXGroup;
			children = (
				0F3D740B2005E0AA00B578E3 /* GitStarred */,
				0F3D740A2005E0AA00B578E3 /* Products */,
				36EEC633823B3F2922F9D8EE /* Pods */,
				28E90DC9B3EB21C5B9231604 /* Frameworks */,
			);
			sourceTree = "<group>";
		};
		0F3D740A2005E0AA00B578E3 /* Products */ = {
			isa = PBXGroup;
			children = (
				0F3D74092005E0AA00B578E3 /* GitStarred.app */,
			);
			name = Products;
			sourceTree = "<group>";
		};
		0F3D740B2005E0AA00B578E3 /* GitStarred */ = {
			isa = PBXGroup;
			children = (
				0FE865FF20109FC2002CF369 /* Component */,
				0FE865FC20106F73002CF369 /* Util */,
				0F0B5B462008AE1E00ED7A76 /* Window */,
				0FA41C61200768DF004F2B1E /* Controller */,
				0F3D741E2005E30700B578E3 /* DAO */,
				0F3D741D2005E2F600B578E3 /* Service */,
				0F3D741C2005E2E800B578E3 /* Model */,
				0F3D740C2005E0AA00B578E3 /* AppDelegate.swift */,
				0F3D74102005E0AA00B578E3 /* Assets.xcassets */,
				0F3D74122005E0AA00B578E3 /* Main.storyboard */,
				0F3D74152005E0AA00B578E3 /* Info.plist */,
				0F3D74162005E0AA00B578E3 /* GitStarred.entitlements */,
			);
			path = GitStarred;
			sourceTree = "<group>";
		};
		0F3D741C2005E2E800B578E3 /* Model */ = {
			isa = PBXGroup;
			children = (
				0F3D741F2005F76C00B578E3 /* StarredModel.swift */,
				0FBA4FF3201187470076B5DA /* UserModel.swift */,
			);
			path = Model;
			sourceTree = "<group>";
		};
		0F3D741D2005E2F600B578E3 /* Service */ = {
			isa = PBXGroup;
			children = (
				0F3D74212005F7A000B578E3 /* BaseService.swift */,
				0F3D74272006149500B578E3 /* UserService.swift */,
				0FBA4FF92011F44B0076B5DA /* GitHubService.swift */,
			);
			path = Service;
			sourceTree = "<group>";
		};
		0F3D741E2005E30700B578E3 /* DAO */ = {
			isa = PBXGroup;
			children = (
				0F3D74232005FA9C00B578E3 /* BaseDAO.swift */,
				0F3D74252006042600B578E3 /* UserDAO.swift */,
			);
			path = DAO;
			sourceTree = "<group>";
		};
		0FA41C61200768DF004F2B1E /* Controller */ = {
			isa = PBXGroup;
			children = (
				0F648252200F1CD300C2A4EF /* BaseSplitViewController.swift */,
				0F648254200F1E3600C2A4EF /* PreferenceViewController.swift */,
				0FA9A1972015804C00769483 /* LeftPanelViewController.swift */,
			);
			path = Controller;
			sourceTree = "<group>";
		};
		0FE865FC20106F73002CF369 /* Util */ = {
			isa = PBXGroup;
			children = (
				0FE865FD20106F9A002CF369 /* Constants.swift */,
			);
			path = Util;
			sourceTree = "<group>";
		};
		0FE865FF20109FC2002CF369 /* Component */ = {
			isa = PBXGroup;
			children = (
				0FE866002010A23C002CF369 /* GSLabel.swift */,
				0FBA4FF5201191FA0076B5DA /* GSButton.swift */,
				0FBA4FF7201192540076B5DA /* GSTextField.swift */,
				0FA9A1992015CE1F00769483 /* GSOutlineCellView.swift */,
			);
			path = Component;
			sourceTree = "<group>";
		};
		28E90DC9B3EB21C5B9231604 /* Frameworks */ = {
			isa = PBXGroup;
			children = (
				4A5C7BEDA6A53B58890DD9EF /* Pods_GitStarred.framework */,
			);
			name = Frameworks;
			sourceTree = "<group>";
		};
		36EEC633823B3F2922F9D8EE /* Pods */ = {
			isa = PBXGroup;
			children = (
				61E8E6277D27A16A993C9713 /* Pods-GitStarred.debug.xcconfig */,
				163EC300458E3642F5FFF6F5 /* Pods-GitStarred.release.xcconfig */,
			);
			name = Pods;
			sourceTree = "<group>";
		};
/* End PBXGroup section */

/* Begin PBXNativeTarget section */
		0F3D74082005E0AA00B578E3 /* GitStarred */ = {
			isa = PBXNativeTarget;
			buildConfigurationList = 0F3D74192005E0AA00B578E3 /* Build configuration list for PBXNativeTarget "GitStarred" */;
			buildPhases = (
				DB753BC9B10D7CBF9729FCDE /* [CP] Check Pods Manifest.lock */,
				0F3D74052005E0AA00B578E3 /* Sources */,
				0F3D74062005E0AA00B578E3 /* Frameworks */,
				0F3D74072005E0AA00B578E3 /* Resources */,
				30D96CEA2BDD145B6A277937 /* [CP] Embed Pods Frameworks */,
				26ABC057B0A7A7E32D5C6211 /* [CP] Copy Pods Resources */,
			);
			buildRules = (
			);
			dependencies = (
			);
			name = GitStarred;
			productName = GitStarred;
			productReference = 0F3D74092005E0AA00B578E3 /* GitStarred.app */;
			productType = "com.apple.product-type.application";
		};
/* End PBXNativeTarget section */

/* Begin PBXProject section */
		0F3D74012005E0AA00B578E3 /* Project object */ = {
			isa = PBXProject;
			attributes = {
				LastSwiftUpdateCheck = 0920;
				LastUpgradeCheck = 0920;
				ORGANIZATIONNAME = l3xlab;
				TargetAttributes = {
					0F3D74082005E0AA00B578E3 = {
						CreatedOnToolsVersion = 9.2;
						ProvisioningStyle = Automatic;
						SystemCapabilities = {
							com.apple.Sandbox = {
								enabled = 1;
							};
						};
					};
				};
			};
			buildConfigurationList = 0F3D74042005E0AA00B578E3 /* Build configuration list for PBXProject "GitStarred" */;
			compatibilityVersion = "Xcode 8.0";
			developmentRegion = en;
			hasScannedForEncodings = 0;
			knownRegions = (
				en,
				Base,
			);
			mainGroup = 0F3D74002005E0AA00B578E3;
			productRefGroup = 0F3D740A2005E0AA00B578E3 /* Products */;
			projectDirPath = "";
			projectRoot = "";
			targets = (
				0F3D74082005E0AA00B578E3 /* GitStarred */,
			);
		};
/* End PBXProject section */

/* Begin PBXResourcesBuildPhase section */
		0F3D74072005E0AA00B578E3 /* Resources */ = {
			isa = PBXResourcesBuildPhase;
			buildActionMask = 2147483647;
			files = (
				0F3D74112005E0AA00B578E3 /* Assets.xcassets in Resources */,
				0F3D74142005E0AA00B578E3 /* Main.storyboard in Resources */,
			);
			runOnlyForDeploymentPostprocessing = 0;
		};
/* End PBXResourcesBuildPhase section */

/* Begin PBXShellScriptBuildPhase section */
		26ABC057B0A7A7E32D5C6211 /* [CP] Copy Pods Resources */ = {
			isa = PBXShellScriptBuildPhase;
			buildActionMask = 2147483647;
			files = (
			);
			inputPaths = (
			);
			name = "[CP] Copy Pods Resources";
			outputPaths = (
			);
			runOnlyForDeploymentPostprocessing = 0;
			shellPath = /bin/sh;
			shellScript = "\"${SRCROOT}/Pods/Target Support Files/Pods-GitStarred/Pods-GitStarred-resources.sh\"\n";
			showEnvVarsInLog = 0;
		};
		30D96CEA2BDD145B6A277937 /* [CP] Embed Pods Frameworks */ = {
			isa = PBXShellScriptBuildPhase;
			buildActionMask = 2147483647;
			files = (
			);
			inputPaths = (
				"${SRCROOT}/Pods/Target Support Files/Pods-GitStarred/Pods-GitStarred-frameworks.sh",
				"${BUILT_PRODUCTS_DIR}/Alamofire/Alamofire.framework",
				"${BUILT_PRODUCTS_DIR}/Moya/Moya.framework",
				"${BUILT_PRODUCTS_DIR}/Moya-ObjectMapper/Moya_ObjectMapper.framework",
				"${BUILT_PRODUCTS_DIR}/MoyaSugar/MoyaSugar.framework",
				"${BUILT_PRODUCTS_DIR}/ObjectMapper/ObjectMapper.framework",
				"${BUILT_PRODUCTS_DIR}/Result/Result.framework",
				"${BUILT_PRODUCTS_DIR}/SQLite.swift/SQLite.framework",
				"${BUILT_PRODUCTS_DIR}/SnapKit/SnapKit.framework",
			);
			name = "[CP] Embed Pods Frameworks";
			outputPaths = (
				"${TARGET_BUILD_DIR}/${FRAMEWORKS_FOLDER_PATH}/Alamofire.framework",
				"${TARGET_BUILD_DIR}/${FRAMEWORKS_FOLDER_PATH}/Moya.framework",
				"${TARGET_BUILD_DIR}/${FRAMEWORKS_FOLDER_PATH}/Moya_ObjectMapper.framework",
				"${TARGET_BUILD_DIR}/${FRAMEWORKS_FOLDER_PATH}/MoyaSugar.framework",
				"${TARGET_BUILD_DIR}/${FRAMEWORKS_FOLDER_PATH}/ObjectMapper.framework",
				"${TARGET_BUILD_DIR}/${FRAMEWORKS_FOLDER_PATH}/Result.framework",
				"${TARGET_BUILD_DIR}/${FRAMEWORKS_FOLDER_PATH}/SQLite.framework",
				"${TARGET_BUILD_DIR}/${FRAMEWORKS_FOLDER_PATH}/SnapKit.framework",
			);
			runOnlyForDeploymentPostprocessing = 0;
			shellPath = /bin/sh;
			shellScript = "\"${SRCROOT}/Pods/Target Support Files/Pods-GitStarred/Pods-GitStarred-frameworks.sh\"\n";
			showEnvVarsInLog = 0;
		};
		DB753BC9B10D7CBF9729FCDE /* [CP] Check Pods Manifest.lock */ = {
			isa = PBXShellScriptBuildPhase;
			buildActionMask = 2147483647;
			files = (
			);
			inputPaths = (
				"${PODS_PODFILE_DIR_PATH}/Podfile.lock",
				"${PODS_ROOT}/Manifest.lock",
			);
			name = "[CP] Check Pods Manifest.lock";
			outputPaths = (
				"$(DERIVED_FILE_DIR)/Pods-GitStarred-checkManifestLockResult.txt",
			);
			runOnlyForDeploymentPostprocessing = 0;
			shellPath = /bin/sh;
			shellScript = "diff \"${PODS_PODFILE_DIR_PATH}/Podfile.lock\" \"${PODS_ROOT}/Manifest.lock\" > /dev/null\nif [ $? != 0 ] ; then\n    # print error to STDERR\n    echo \"error: The sandbox is not in sync with the Podfile.lock. Run 'pod install' or update your CocoaPods installation.\" >&2\n    exit 1\nfi\n# This output is used by Xcode 'outputs' to avoid re-running this script phase.\necho \"SUCCESS\" > \"${SCRIPT_OUTPUT_FILE_0}\"\n";
			showEnvVarsInLog = 0;
		};
/* End PBXShellScriptBuildPhase section */

/* Begin PBXSourcesBuildPhase section */
		0F3D74052005E0AA00B578E3 /* Sources */ = {
			isa = PBXSourcesBuildPhase;
			buildActionMask = 2147483647;
			files = (
				0FBA4FF8201192540076B5DA /* GSTextField.swift in Sources */,
				0F3D74282006149500B578E3 /* UserService.swift in Sources */,
				0FBA4FFA2011F44B0076B5DA /* GitHubService.swift in Sources */,
				0FE865FE20106F9A002CF369 /* Constants.swift in Sources */,
				0F3D74262006042600B578E3 /* UserDAO.swift in Sources */,
				0FBA4FF6201191FA0076B5DA /* GSButton.swift in Sources */,
				0FA9A1982015804C00769483 /* LeftPanelViewController.swift in Sources */,
				0F648257200F24F700C2A4EF /* PreferenceWindowController.swift in Sources */,
				0F648253200F1CD300C2A4EF /* BaseSplitViewController.swift in Sources */,
				0FBA4FF4201187470076B5DA /* UserModel.swift in Sources */,
				0FB784E6200E023000030B7A /* BaseWindowController.swift in Sources */,
				0F648255200F1E3600C2A4EF /* PreferenceViewController.swift in Sources */,
				0F3D74222005F7A000B578E3 /* BaseService.swift in Sources */,
				0F3D74202005F76C00B578E3 /* StarredModel.swift in Sources */,
				0F3D740D2005E0AA00B578E3 /* AppDelegate.swift in Sources */,
				0FA9A19A2015CE1F00769483 /* GSOutlineCellView.swift in Sources */,
				0FE866012010A23C002CF369 /* GSLabel.swift in Sources */,
				0F3D74242005FA9C00B578E3 /* BaseDAO.swift in Sources */,
			);
			runOnlyForDeploymentPostprocessing = 0;
		};
/* End PBXSourcesBuildPhase section */

/* Begin PBXVariantGroup section */
		0F3D74122005E0AA00B578E3 /* Main.storyboard */ = {
			isa = PBXVariantGroup;
			children = (
				0F3D74132005E0AA00B578E3 /* Base */,
			);
			name = Main.storyboard;
			sourceTree = "<group>";
		};
/* End PBXVariantGroup section */

/* Begin XCBuildConfiguration section */
		0F3D74172005E0AA00B578E3 /* Debug */ = {
			isa = XCBuildConfiguration;
			buildSettings = {
				ALWAYS_SEARCH_USER_PATHS = NO;
				CLANG_ANALYZER_NONNULL = YES;
				CLANG_ANALYZER_NUMBER_OBJECT_CONVERSION = YES_AGGRESSIVE;
				CLANG_CXX_LANGUAGE_STANDARD = "gnu++14";
				CLANG_CXX_LIBRARY = "libc++";
				CLANG_ENABLE_MODULES = YES;
				CLANG_ENABLE_OBJC_ARC = YES;
				CLANG_WARN_BLOCK_CAPTURE_AUTORELEASING = YES;
				CLANG_WARN_BOOL_CONVERSION = YES;
				CLANG_WARN_COMMA = YES;
				CLANG_WARN_CONSTANT_CONVERSION = YES;
				CLANG_WARN_DIRECT_OBJC_ISA_USAGE = YES_ERROR;
				CLANG_WARN_DOCUMENTATION_COMMENTS = YES;
				CLANG_WARN_EMPTY_BODY = YES;
				CLANG_WARN_ENUM_CONVERSION = YES;
				CLANG_WARN_INFINITE_RECURSION = YES;
				CLANG_WARN_INT_CONVERSION = YES;
				CLANG_WARN_NON_LITERAL_NULL_CONVERSION = YES;
				CLANG_WARN_OBJC_LITERAL_CONVERSION = YES;
				CLANG_WARN_OBJC_ROOT_CLASS = YES_ERROR;
				CLANG_WARN_RANGE_LOOP_ANALYSIS = YES;
				CLANG_WARN_STRICT_PROTOTYPES = YES;
				CLANG_WARN_SUSPICIOUS_MOVE = YES;
				CLANG_WARN_UNGUARDED_AVAILABILITY = YES_AGGRESSIVE;
				CLANG_WARN_UNREACHABLE_CODE = YES;
				CLANG_WARN__DUPLICATE_METHOD_MATCH = YES;
				CODE_SIGN_IDENTITY = "Mac Developer";
				COPY_PHASE_STRIP = NO;
				DEBUG_INFORMATION_FORMAT = dwarf;
				ENABLE_STRICT_OBJC_MSGSEND = YES;
				ENABLE_TESTABILITY = YES;
				GCC_C_LANGUAGE_STANDARD = gnu11;
				GCC_DYNAMIC_NO_PIC = NO;
				GCC_NO_COMMON_BLOCKS = YES;
				GCC_OPTIMIZATION_LEVEL = 0;
				GCC_PREPROCESSOR_DEFINITIONS = (
					"DEBUG=1",
					"$(inherited)",
				);
				GCC_WARN_64_TO_32_BIT_CONVERSION = YES;
				GCC_WARN_ABOUT_RETURN_TYPE = YES_ERROR;
				GCC_WARN_UNDECLARED_SELECTOR = YES;
				GCC_WARN_UNINITIALIZED_AUTOS = YES_AGGRESSIVE;
				GCC_WARN_UNUSED_FUNCTION = YES;
				GCC_WARN_UNUSED_VARIABLE = YES;
				MACOSX_DEPLOYMENT_TARGET = 10.12;
				MTL_ENABLE_DEBUG_INFO = YES;
				ONLY_ACTIVE_ARCH = YES;
				SDKROOT = macosx;
				SWIFT_ACTIVE_COMPILATION_CONDITIONS = DEBUG;
				SWIFT_OPTIMIZATION_LEVEL = "-Onone";
			};
			name = Debug;
		};
		0F3D74182005E0AA00B578E3 /* Release */ = {
			isa = XCBuildConfiguration;
			buildSettings = {
				ALWAYS_SEARCH_USER_PATHS = NO;
				CLANG_ANALYZER_NONNULL = YES;
				CLANG_ANALYZER_NUMBER_OBJECT_CONVERSION = YES_AGGRESSIVE;
				CLANG_CXX_LANGUAGE_STANDARD = "gnu++14";
				CLANG_CXX_LIBRARY = "libc++";
				CLANG_ENABLE_MODULES = YES;
				CLANG_ENABLE_OBJC_ARC = YES;
				CLANG_WARN_BLOCK_CAPTURE_AUTORELEASING = YES;
				CLANG_WARN_BOOL_CONVERSION = YES;
				CLANG_WARN_COMMA = YES;
				CLANG_WARN_CONSTANT_CONVERSION = YES;
				CLANG_WARN_DIRECT_OBJC_ISA_USAGE = YES_ERROR;
				CLANG_WARN_DOCUMENTATION_COMMENTS = YES;
				CLANG_WARN_EMPTY_BODY = YES;
				CLANG_WARN_ENUM_CONVERSION = YES;
				CLANG_WARN_INFINITE_RECURSION = YES;
				CLANG_WARN_INT_CONVERSION = YES;
				CLANG_WARN_NON_LITERAL_NULL_CONVERSION = YES;
				CLANG_WARN_OBJC_LITERAL_CONVERSION = YES;
				CLANG_WARN_OBJC_ROOT_CLASS = YES_ERROR;
				CLANG_WARN_RANGE_LOOP_ANALYSIS = YES;
				CLANG_WARN_STRICT_PROTOTYPES = YES;
				CLANG_WARN_SUSPICIOUS_MOVE = YES;
				CLANG_WARN_UNGUARDED_AVAILABILITY = YES_AGGRESSIVE;
				CLANG_WARN_UNREACHABLE_CODE = YES;
				CLANG_WARN__DUPLICATE_METHOD_MATCH = YES;
				CODE_SIGN_IDENTITY = "Mac Developer";
				COPY_PHASE_STRIP = NO;
				DEBUG_INFORMATION_FORMAT = "dwarf-with-dsym";
				ENABLE_NS_ASSERTIONS = NO;
				ENABLE_STRICT_OBJC_MSGSEND = YES;
				GCC_C_LANGUAGE_STANDARD = gnu11;
				GCC_NO_COMMON_BLOCKS = YES;
				GCC_WARN_64_TO_32_BIT_CONVERSION = YES;
				GCC_WARN_ABOUT_RETURN_TYPE = YES_ERROR;
				GCC_WARN_UNDECLARED_SELECTOR = YES;
				GCC_WARN_UNINITIALIZED_AUTOS = YES_AGGRESSIVE;
				GCC_WARN_UNUSED_FUNCTION = YES;
				GCC_WARN_UNUSED_VARIABLE = YES;
				MACOSX_DEPLOYMENT_TARGET = 10.12;
				MTL_ENABLE_DEBUG_INFO = NO;
				SDKROOT = macosx;
				SWIFT_OPTIMIZATION_LEVEL = "-Owholemodule";
			};
			name = Release;
		};
		0F3D741A2005E0AA00B578E3 /* Debug */ = {
			isa = XCBuildConfiguration;
			baseConfigurationReference = 61E8E6277D27A16A993C9713 /* Pods-GitStarred.debug.xcconfig */;
			buildSettings = {
				ASSETCATALOG_COMPILER_APPICON_NAME = AppIcon;
				CODE_SIGN_ENTITLEMENTS = GitStarred/GitStarred.entitlements;
				CODE_SIGN_IDENTITY = "Mac Developer";
				CODE_SIGN_STYLE = Automatic;
				COMBINE_HIDPI_IMAGES = YES;
				DEVELOPMENT_TEAM = BLTQPW6VAX;
				INFOPLIST_FILE = GitStarred/Info.plist;
				LD_RUNPATH_SEARCH_PATHS = "$(inherited) @executable_path/../Frameworks";
				PRODUCT_BUNDLE_IDENTIFIER = com.l3xlab.GitStarred;
				PRODUCT_NAME = "$(TARGET_NAME)";
				PROVISIONING_PROFILE_SPECIFIER = "";
				SWIFT_VERSION = 4.0;
			};
			name = Debug;
		};
		0F3D741B2005E0AA00B578E3 /* Release */ = {
			isa = XCBuildConfiguration;
			baseConfigurationReference = 163EC300458E3642F5FFF6F5 /* Pods-GitStarred.release.xcconfig */;
			buildSettings = {
				ASSETCATALOG_COMPILER_APPICON_NAME = AppIcon;
				CODE_SIGN_ENTITLEMENTS = GitStarred/GitStarred.entitlements;
				CODE_SIGN_IDENTITY = "Mac Developer";
				CODE_SIGN_STYLE = Automatic;
				COMBINE_HIDPI_IMAGES = YES;
				DEVELOPMENT_TEAM = BLTQPW6VAX;
				INFOPLIST_FILE = GitStarred/Info.plist;
				LD_RUNPATH_SEARCH_PATHS = "$(inherited) @executable_path/../Frameworks";
				PRODUCT_BUNDLE_IDENTIFIER = com.l3xlab.GitStarred;
				PRODUCT_NAME = "$(TARGET_NAME)";
				PROVISIONING_PROFILE_SPECIFIER = "";
				SWIFT_VERSION = 4.0;
			};
			name = Release;
		};
/* End XCBuildConfiguration section */

/* Begin XCConfigurationList section */
		0F3D74042005E0AA00B578E3 /* Build configuration list for PBXProject "GitStarred" */ = {
			isa = XCConfigurationList;
			buildConfigurations = (
				0F3D74172005E0AA00B578E3 /* Debug */,
				0F3D74182005E0AA00B578E3 /* Release */,
			);
			defaultConfigurationIsVisible = 0;
			defaultConfigurationName = Release;
		};
		0F3D74192005E0AA00B578E3 /* Build configuration list for PBXNativeTarget "GitStarred" */ = {
			isa = XCConfigurationList;
			buildConfigurations = (
				0F3D741A2005E0AA00B578E3 /* Debug */,
				0F3D741B2005E0AA00B578E3 /* Release */,
			);
			defaultConfigurationIsVisible = 0;
			defaultConfigurationName = Release;
		};
/* End XCConfigurationList section */
	};
	rootObject = 0F3D74012005E0AA00B578E3 /* Project object */;
}
